
Microsoft Visual Studio Solution File, Format Version 12.00
# Visual Studio Version 17
VisualStudioVersion = 17.4.33015.44
MinimumVisualStudioVersion = 10.0.40219.1
Project("{9A19103F-16F7-4668-BE54-9A1E7A4F7556}") = "SharpC", "SharpC\SharpC.csproj", "{54E08494-2789-49E4-B042-A8EECB298DC4}"
EndProject
Project("{FAE04EC0-301F-11D3-BF4B-00C04F79EFBC}") = "SharpC.Tests", "SharpC.Tests\SharpC.Tests.csproj", "{29886BC8-03F6-440D-B236-476CD595A5C0}"
EndProject
Global
	GlobalSection(SolutionConfigurationPlatforms) = preSolution
		Debug|Any CPU = Debug|Any CPU
		Release|Any CPU = Release|Any CPU
	EndGlobalSection
	GlobalSection(ProjectConfigurationPlatforms) = postSolution
		{54E08494-2789-49E4-B042-A8EECB298DC4}.Debug|Any CPU.ActiveCfg = Debug|Any CPU
		{54E08494-2789-49E4-B042-A8EECB298DC4}.Debug|Any CPU.Build.0 = Debug|Any CPU
		{54E08494-2789-49E4-B042-A8EECB298DC4}.Release|Any CPU.ActiveCfg = Release|Any CPU
		{54E08494-2789-49E4-B042-A8EECB298DC4}.Release|Any CPU.Build.0 = Release|Any CPU
		{29886BC8-03F6-440D-B236-476CD595A5C0}.Debug|Any CPU.ActiveCfg = Debug|Any CPU
		{29886BC8-03F6-440D-B236-476CD595A5C0}.Debug|Any CPU.Build.0 = Debug|Any CPU
		{29886BC8-03F6-440D-B236-476CD595A5C0}.Release|Any CPU.ActiveCfg = Release|Any CPU
		{29886BC8-03F6-440D-B236-476CD595A5C0}.Release|Any CPU.Build.0 = Release|Any CPU
	EndGlobalSection
	GlobalSection(SolutionProperties) = preSolution
		HideSolutionNode = FALSE
	EndGlobalSection
	GlobalSection(ExtensibilityGlobals) = postSolution
		SolutionGuid = {219D0E9A-E023-4589-A49F-DD61F1DF3B57}
	EndGlobalSection
EndGlobal
